
Microsoft Visual Studio Solution File, Format Version 12.00
# Visual Studio Version 16
VisualStudioVersion = 25.0.1705.4
MinimumVisualStudioVersion = 10.0.40219.1
Project("{FAE04EC0-301F-11D3-BF4B-00C04F79EFBC}") = "aLice", "aLice.csproj", "{0EA267BB-9854-41EC-BAAD-F4E5BDE7AE2C}"
EndProject
Global
	GlobalSection(SolutionConfigurationPlatforms) = preSolution
		Debug|Any CPU = Debug|Any CPU
		Release|Any CPU = Release|Any CPU
	EndGlobalSection
	GlobalSection(ProjectConfigurationPlatforms) = postSolution
		{0EA267BB-9854-41EC-BAAD-F4E5BDE7AE2C}.Debug|Any CPU.ActiveCfg = Debug|Any CPU
		{0EA267BB-9854-41EC-BAAD-F4E5BDE7AE2C}.Debug|Any CPU.Build.0 = Debug|Any CPU
		{0EA267BB-9854-41EC-BAAD-F4E5BDE7AE2C}.Release|Any CPU.ActiveCfg = Release|Any CPU
		{0EA267BB-9854-41EC-BAAD-F4E5BDE7AE2C}.Release|Any CPU.Build.0 = Release|Any CPU
	EndGlobalSection
	GlobalSection(SolutionProperties) = preSolution
		HideSolutionNode = FALSE
	EndGlobalSection
	GlobalSection(ExtensibilityGlobals) = postSolution
		SolutionGuid = {94EA5681-25FA-43B7-947E-00B0BD4F9CAD}
	EndGlobalSection
EndGlobal
